
Microsoft Visual Studio Solution File, Format Version 12.00
# Visual Studio 14
VisualStudioVersion = 14.0.25420.1
MinimumVisualStudioVersion = 10.0.40219.1
Project("{2150E333-8FDC-42A3-9474-1A3956D46DE8}") = "Solution Items", "Solution Items", "{34D24CA5-4C84-48FF-B758-38BFA6ACF84E}"
	ProjectSection(SolutionItems) = preProject
		global.json = global.json
	EndProjectSection
EndProject
Project("{2150E333-8FDC-42A3-9474-1A3956D46DE8}") = "src", "src", "{482661E1-E998-4884-8119-25C9FCE2B427}"
EndProject
Project("{8BB2217D-0F2D-49D1-97BC-3654ED321F3B}") = "ESF.Core", "Core\ESF.Core.xproj", "{ACAA3410-2C19-4BBF-8AA3-D3A8522FEDBC}"
EndProject
Project("{8BB2217D-0F2D-49D1-97BC-3654ED321F3B}") = "ESF.Repository.EntityFramework", "Repository\EntityFramework\ESF.Repository.EntityFramework.xproj", "{E5727C21-0153-47C0-A5E2-E1BEEFC73EF1}"
EndProject
Project("{8BB2217D-0F2D-49D1-97BC-3654ED321F3B}") = "ESF.Application", "Application\ESF.Application.xproj", "{BB329457-A403-4118-9513-D83B16D058FB}"
EndProject
Project("{8BB2217D-0F2D-49D1-97BC-3654ED321F3B}") = "ESF.SaaS.Identity", "SaaS\Identity\ESF.SaaS.Identity.xproj", "{EA20879E-819C-45AC-96E4-A1525E5A7EF7}"
EndProject
Project("{8BB2217D-0F2D-49D1-97BC-3654ED321F3B}") = "ESF.SaaS.Identity.EntityFramework", "SaaS\Identity.EntityFramework\ESF.SaaS.Identity.EntityFramework.xproj", "{AB5C85DD-C3C9-45D7-A98B-B2BCBA7683A0}"
EndProject
Project("{8BB2217D-0F2D-49D1-97BC-3654ED321F3B}") = "ESF.SaaS.Application", "SaaS\SaaSApplication\ESF.SaaS.Application.xproj", "{1ACD7D47-FBB6-43B4-9248-1046683BCD6B}"
EndProject
Project("{2150E333-8FDC-42A3-9474-1A3956D46DE8}") = "SaaS", "SaaS", "{35D33C3C-1516-4250-8FB3-2BD888ED31BF}"
EndProject
Project("{8BB2217D-0F2D-49D1-97BC-3654ED321F3B}") = "ESF.Integration.Nofdev", "Integration\ESF.Integration.Nofdev\ESF.Integration.Nofdev.xproj", "{3C07955E-2364-4EFF-AB81-D15DE78990CC}"
EndProject
Project("{2150E333-8FDC-42A3-9474-1A3956D46DE8}") = "test", "test", "{44B081C6-E669-44F4-B427-8C3A445A4942}"
EndProject
Global
	GlobalSection(SolutionConfigurationPlatforms) = preSolution
		Debug|Any CPU = Debug|Any CPU
		Release|Any CPU = Release|Any CPU
	EndGlobalSection
	GlobalSection(ProjectConfigurationPlatforms) = postSolution
		{ACAA3410-2C19-4BBF-8AA3-D3A8522FEDBC}.Debug|Any CPU.ActiveCfg = Debug|Any CPU
		{ACAA3410-2C19-4BBF-8AA3-D3A8522FEDBC}.Debug|Any CPU.Build.0 = Debug|Any CPU
		{ACAA3410-2C19-4BBF-8AA3-D3A8522FEDBC}.Release|Any CPU.ActiveCfg = Release|Any CPU
		{ACAA3410-2C19-4BBF-8AA3-D3A8522FEDBC}.Release|Any CPU.Build.0 = Release|Any CPU
		{E5727C21-0153-47C0-A5E2-E1BEEFC73EF1}.Debug|Any CPU.ActiveCfg = Debug|Any CPU
		{E5727C21-0153-47C0-A5E2-E1BEEFC73EF1}.Debug|Any CPU.Build.0 = Debug|Any CPU
		{E5727C21-0153-47C0-A5E2-E1BEEFC73EF1}.Release|Any CPU.ActiveCfg = Release|Any CPU
		{E5727C21-0153-47C0-A5E2-E1BEEFC73EF1}.Release|Any CPU.Build.0 = Release|Any CPU
		{BB329457-A403-4118-9513-D83B16D058FB}.Debug|Any CPU.ActiveCfg = Debug|Any CPU
		{BB329457-A403-4118-9513-D83B16D058FB}.Debug|Any CPU.Build.0 = Debug|Any CPU
		{BB329457-A403-4118-9513-D83B16D058FB}.Release|Any CPU.ActiveCfg = Release|Any CPU
		{BB329457-A403-4118-9513-D83B16D058FB}.Release|Any CPU.Build.0 = Release|Any CPU
		{EA20879E-819C-45AC-96E4-A1525E5A7EF7}.Debug|Any CPU.ActiveCfg = Debug|Any CPU
		{EA20879E-819C-45AC-96E4-A1525E5A7EF7}.Debug|Any CPU.Build.0 = Debug|Any CPU
		{EA20879E-819C-45AC-96E4-A1525E5A7EF7}.Release|Any CPU.ActiveCfg = Release|Any CPU
		{EA20879E-819C-45AC-96E4-A1525E5A7EF7}.Release|Any CPU.Build.0 = Release|Any CPU
		{AB5C85DD-C3C9-45D7-A98B-B2BCBA7683A0}.Debug|Any CPU.ActiveCfg = Debug|Any CPU
		{AB5C85DD-C3C9-45D7-A98B-B2BCBA7683A0}.Debug|Any CPU.Build.0 = Debug|Any CPU
		{AB5C85DD-C3C9-45D7-A98B-B2BCBA7683A0}.Release|Any CPU.ActiveCfg = Release|Any CPU
		{AB5C85DD-C3C9-45D7-A98B-B2BCBA7683A0}.Release|Any CPU.Build.0 = Release|Any CPU
		{1ACD7D47-FBB6-43B4-9248-1046683BCD6B}.Debug|Any CPU.ActiveCfg = Debug|Any CPU
		{1ACD7D47-FBB6-43B4-9248-1046683BCD6B}.Debug|Any CPU.Build.0 = Debug|Any CPU
		{1ACD7D47-FBB6-43B4-9248-1046683BCD6B}.Release|Any CPU.ActiveCfg = Release|Any CPU
		{1ACD7D47-FBB6-43B4-9248-1046683BCD6B}.Release|Any CPU.Build.0 = Release|Any CPU
		{3C07955E-2364-4EFF-AB81-D15DE78990CC}.Debug|Any CPU.ActiveCfg = Debug|Any CPU
		{3C07955E-2364-4EFF-AB81-D15DE78990CC}.Debug|Any CPU.Build.0 = Debug|Any CPU
		{3C07955E-2364-4EFF-AB81-D15DE78990CC}.Release|Any CPU.ActiveCfg = Release|Any CPU
		{3C07955E-2364-4EFF-AB81-D15DE78990CC}.Release|Any CPU.Build.0 = Release|Any CPU
	EndGlobalSection
	GlobalSection(SolutionProperties) = preSolution
		HideSolutionNode = FALSE
	EndGlobalSection
	GlobalSection(NestedProjects) = preSolution
		{ACAA3410-2C19-4BBF-8AA3-D3A8522FEDBC} = {482661E1-E998-4884-8119-25C9FCE2B427}
		{E5727C21-0153-47C0-A5E2-E1BEEFC73EF1} = {482661E1-E998-4884-8119-25C9FCE2B427}
		{BB329457-A403-4118-9513-D83B16D058FB} = {482661E1-E998-4884-8119-25C9FCE2B427}
		{EA20879E-819C-45AC-96E4-A1525E5A7EF7} = {35D33C3C-1516-4250-8FB3-2BD888ED31BF}
		{AB5C85DD-C3C9-45D7-A98B-B2BCBA7683A0} = {35D33C3C-1516-4250-8FB3-2BD888ED31BF}
		{1ACD7D47-FBB6-43B4-9248-1046683BCD6B} = {35D33C3C-1516-4250-8FB3-2BD888ED31BF}
		{35D33C3C-1516-4250-8FB3-2BD888ED31BF} = {482661E1-E998-4884-8119-25C9FCE2B427}
		{3C07955E-2364-4EFF-AB81-D15DE78990CC} = {482661E1-E998-4884-8119-25C9FCE2B427}
	EndGlobalSection
EndGlobal
