
Microsoft Visual Studio Solution File, Format Version 12.00
# Visual Studio 15
VisualStudioVersion = 15.0.27703.2000
MinimumVisualStudioVersion = 10.0.40219.1
Project("{FAE04EC0-301F-11D3-BF4B-00C04F79EFBC}") = "Enterprise.Core", "Core\Enterprise.Core.csproj", "{E210368A-85AE-40F7-BA0D-3CB7015AA680}"
EndProject
Project("{FAE04EC0-301F-11D3-BF4B-00C04F79EFBC}") = "Enterprise.Domain.Common", "Domain\Common\Enterprise.Domain.Common.csproj", "{63F4B622-3DDF-42A5-9F8B-52B3FA28DEA0}"
EndProject
Project("{FAE04EC0-301F-11D3-BF4B-00C04F79EFBC}") = "Enterprise.Domain.Warehousing", "Domain\Warehousing\Enterprise.Domain.Warehousing.csproj", "{F0FAFB0E-965F-4C2B-A266-64544868B1EF}"
EndProject
Project("{FAE04EC0-301F-11D3-BF4B-00C04F79EFBC}") = "Enterprise.Application", "Application\Enterprise.Application.csproj", "{D2A7C6C6-F982-433B-A9A9-C3BA66897959}"
EndProject
Project("{FAE04EC0-301F-11D3-BF4B-00C04F79EFBC}") = "Enterprise.Repository.EntityFramework", "Repository\EntityFramework\Enterprise.Repository.EntityFramework.csproj", "{0551F509-9C90-405A-8C8F-49B211EB5EC8}"
EndProject
Project("{2150E333-8FDC-42A3-9474-1A3956D46DE8}") = "SaaS", "SaaS", "{EB92EB72-6F59-4095-92B8-55E7E3F92F0E}"
EndProject
Project("{FAE04EC0-301F-11D3-BF4B-00C04F79EFBC}") = "Enterprise.SaaS.Identity", "SaaS\Identity\Enterprise.SaaS.Identity.csproj", "{3DA39332-3126-48E6-A9ED-E443631EB2A8}"
EndProject
Project("{FAE04EC0-301F-11D3-BF4B-00C04F79EFBC}") = "Enterprise.SaaS.Identity.EntityFramework", "SaaS\EntityFramework\Enterprise.SaaS.Identity.EntityFramework.csproj", "{88753134-8953-4E52-8472-764AA6DEDAAD}"
EndProject
Project("{FAE04EC0-301F-11D3-BF4B-00C04F79EFBC}") = "Enterprise.SaaS.Application", "SaaS\Application\Enterprise.SaaS.Application.csproj", "{E361C952-55CA-4FC3-84F9-203DBD8F4DE6}"
EndProject
Global
	GlobalSection(SolutionConfigurationPlatforms) = preSolution
		Debug|Any CPU = Debug|Any CPU
		Release|Any CPU = Release|Any CPU
	EndGlobalSection
	GlobalSection(ProjectConfigurationPlatforms) = postSolution
		{E210368A-85AE-40F7-BA0D-3CB7015AA680}.Debug|Any CPU.ActiveCfg = Debug|Any CPU
		{E210368A-85AE-40F7-BA0D-3CB7015AA680}.Debug|Any CPU.Build.0 = Debug|Any CPU
		{E210368A-85AE-40F7-BA0D-3CB7015AA680}.Release|Any CPU.ActiveCfg = Release|Any CPU
		{E210368A-85AE-40F7-BA0D-3CB7015AA680}.Release|Any CPU.Build.0 = Release|Any CPU
		{63F4B622-3DDF-42A5-9F8B-52B3FA28DEA0}.Debug|Any CPU.ActiveCfg = Debug|Any CPU
		{63F4B622-3DDF-42A5-9F8B-52B3FA28DEA0}.Debug|Any CPU.Build.0 = Debug|Any CPU
		{63F4B622-3DDF-42A5-9F8B-52B3FA28DEA0}.Release|Any CPU.ActiveCfg = Release|Any CPU
		{63F4B622-3DDF-42A5-9F8B-52B3FA28DEA0}.Release|Any CPU.Build.0 = Release|Any CPU
		{F0FAFB0E-965F-4C2B-A266-64544868B1EF}.Debug|Any CPU.ActiveCfg = Debug|Any CPU
		{F0FAFB0E-965F-4C2B-A266-64544868B1EF}.Debug|Any CPU.Build.0 = Debug|Any CPU
		{F0FAFB0E-965F-4C2B-A266-64544868B1EF}.Release|Any CPU.ActiveCfg = Release|Any CPU
		{F0FAFB0E-965F-4C2B-A266-64544868B1EF}.Release|Any CPU.Build.0 = Release|Any CPU
		{D2A7C6C6-F982-433B-A9A9-C3BA66897959}.Debug|Any CPU.ActiveCfg = Debug|Any CPU
		{D2A7C6C6-F982-433B-A9A9-C3BA66897959}.Debug|Any CPU.Build.0 = Debug|Any CPU
		{D2A7C6C6-F982-433B-A9A9-C3BA66897959}.Release|Any CPU.ActiveCfg = Release|Any CPU
		{D2A7C6C6-F982-433B-A9A9-C3BA66897959}.Release|Any CPU.Build.0 = Release|Any CPU
		{0551F509-9C90-405A-8C8F-49B211EB5EC8}.Debug|Any CPU.ActiveCfg = Debug|Any CPU
		{0551F509-9C90-405A-8C8F-49B211EB5EC8}.Debug|Any CPU.Build.0 = Debug|Any CPU
		{0551F509-9C90-405A-8C8F-49B211EB5EC8}.Release|Any CPU.ActiveCfg = Release|Any CPU
		{0551F509-9C90-405A-8C8F-49B211EB5EC8}.Release|Any CPU.Build.0 = Release|Any CPU
		{3DA39332-3126-48E6-A9ED-E443631EB2A8}.Debug|Any CPU.ActiveCfg = Debug|Any CPU
		{3DA39332-3126-48E6-A9ED-E443631EB2A8}.Debug|Any CPU.Build.0 = Debug|Any CPU
		{3DA39332-3126-48E6-A9ED-E443631EB2A8}.Release|Any CPU.ActiveCfg = Release|Any CPU
		{3DA39332-3126-48E6-A9ED-E443631EB2A8}.Release|Any CPU.Build.0 = Release|Any CPU
		{88753134-8953-4E52-8472-764AA6DEDAAD}.Debug|Any CPU.ActiveCfg = Debug|Any CPU
		{88753134-8953-4E52-8472-764AA6DEDAAD}.Debug|Any CPU.Build.0 = Debug|Any CPU
		{88753134-8953-4E52-8472-764AA6DEDAAD}.Release|Any CPU.ActiveCfg = Release|Any CPU
		{88753134-8953-4E52-8472-764AA6DEDAAD}.Release|Any CPU.Build.0 = Release|Any CPU
		{E361C952-55CA-4FC3-84F9-203DBD8F4DE6}.Debug|Any CPU.ActiveCfg = Debug|Any CPU
		{E361C952-55CA-4FC3-84F9-203DBD8F4DE6}.Debug|Any CPU.Build.0 = Debug|Any CPU
		{E361C952-55CA-4FC3-84F9-203DBD8F4DE6}.Release|Any CPU.ActiveCfg = Release|Any CPU
		{E361C952-55CA-4FC3-84F9-203DBD8F4DE6}.Release|Any CPU.Build.0 = Release|Any CPU
	EndGlobalSection
	GlobalSection(SolutionProperties) = preSolution
		HideSolutionNode = FALSE
	EndGlobalSection
	GlobalSection(NestedProjects) = preSolution
		{3DA39332-3126-48E6-A9ED-E443631EB2A8} = {EB92EB72-6F59-4095-92B8-55E7E3F92F0E}
		{88753134-8953-4E52-8472-764AA6DEDAAD} = {EB92EB72-6F59-4095-92B8-55E7E3F92F0E}
		{E361C952-55CA-4FC3-84F9-203DBD8F4DE6} = {EB92EB72-6F59-4095-92B8-55E7E3F92F0E}
	EndGlobalSection
	GlobalSection(ExtensibilityGlobals) = postSolution
		SolutionGuid = {EB1832F9-ACA3-41CD-8926-A0C6AC018347}
	EndGlobalSection
EndGlobal
